
Microsoft Visual Studio Solution File, Format Version 12.00
# Visual Studio Version 17
VisualStudioVersion = 17.8.34330.188
MinimumVisualStudioVersion = 10.0.40219.1
Project("{FAE04EC0-301F-11D3-BF4B-00C04F79EFBC}") = "PokemonReviewApp", "PokemonReviewApp\PokemonReviewApp.csproj", "{4D04AFA6-8553-4C66-A8E6-79345DA3AFEB}"
EndProject
Global
	GlobalSection(SolutionConfigurationPlatforms) = preSolution
		Debug|Any CPU = Debug|Any CPU
		Release|Any CPU = Release|Any CPU
	EndGlobalSection
	GlobalSection(ProjectConfigurationPlatforms) = postSolution
		{4D04AFA6-8553-4C66-A8E6-79345DA3AFEB}.Debug|Any CPU.ActiveCfg = Debug|Any CPU
		{4D04AFA6-8553-4C66-A8E6-79345DA3AFEB}.Debug|Any CPU.Build.0 = Debug|Any CPU
		{4D04AFA6-8553-4C66-A8E6-79345DA3AFEB}.Release|Any CPU.ActiveCfg = Release|Any CPU
		{4D04AFA6-8553-4C66-A8E6-79345DA3AFEB}.Release|Any CPU.Build.0 = Release|Any CPU
	EndGlobalSection
	GlobalSection(SolutionProperties) = preSolution
		HideSolutionNode = FALSE
	EndGlobalSection
	GlobalSection(ExtensibilityGlobals) = postSolution
		SolutionGuid = {0453CEA9-CA7E-4477-9A54-065A18799F6E}
	EndGlobalSection
EndGlobal
